
Microsoft Visual Studio Solution File, Format Version 12.00
# Visual Studio Version 16
VisualStudioVersion = 16.0.29324.140
MinimumVisualStudioVersion = 10.0.40219.1
Project("{8BC9CEB8-8B4A-11D0-8D11-00A0C91BC942}") = "Afanasyeva.V", "Afanasyeva.V\Afanasyeva.V.vcxproj", "{7748A06A-4DCB-4B7C-BCB6-7A696EAF2E42}"
EndProject
Global
	GlobalSection(SolutionConfigurationPlatforms) = preSolution
		Debug|x64 = Debug|x64
		Debug|x86 = Debug|x86
		Release|x64 = Release|x64
		Release|x86 = Release|x86
	EndGlobalSection
	GlobalSection(ProjectConfigurationPlatforms) = postSolution
		{7748A06A-4DCB-4B7C-BCB6-7A696EAF2E42}.Debug|x64.ActiveCfg = Debug|x64
		{7748A06A-4DCB-4B7C-BCB6-7A696EAF2E42}.Debug|x64.Build.0 = Debug|x64
		{7748A06A-4DCB-4B7C-BCB6-7A696EAF2E42}.Debug|x86.ActiveCfg = Debug|Win32
		{7748A06A-4DCB-4B7C-BCB6-7A696EAF2E42}.Debug|x86.Build.0 = Debug|Win32
		{7748A06A-4DCB-4B7C-BCB6-7A696EAF2E42}.Release|x64.ActiveCfg = Release|x64
		{7748A06A-4DCB-4B7C-BCB6-7A696EAF2E42}.Release|x64.Build.0 = Release|x64
		{7748A06A-4DCB-4B7C-BCB6-7A696EAF2E42}.Release|x86.ActiveCfg = Release|Win32
		{7748A06A-4DCB-4B7C-BCB6-7A696EAF2E42}.Release|x86.Build.0 = Release|Win32
	EndGlobalSection
	GlobalSection(SolutionProperties) = preSolution
		HideSolutionNode = FALSE
	EndGlobalSection
	GlobalSection(ExtensibilityGlobals) = postSolution
		SolutionGuid = {C30BD93A-6DBC-4877-AAAE-B66A21A18B41}
	EndGlobalSection
EndGlobal
